// !$*UTF8*$!
{
	archiveVersion = 1;
	classes = {
	};
	objectVersion = 50;
	objects = {

/* Begin PBXBuildFile section */
		D108349526DCDB1E005674A5 /* CategoryHome.swift in Sources */ = {isa = PBXBuildFile; fileRef = D108349426DCDB1E005674A5 /* CategoryHome.swift */; };
		D108349826DCE3C5005674A5 /* CategoryRow.swift in Sources */ = {isa = PBXBuildFile; fileRef = D108349726DCE3C5005674A5 /* CategoryRow.swift */; };
		D108349F26DCF0FD005674A5 /* CategoryItem.swift in Sources */ = {isa = PBXBuildFile; fileRef = D108349E26DCF0FD005674A5 /* CategoryItem.swift */; };
		D10834A226DE1A9F005674A5 /* Profile.swift in Sources */ = {isa = PBXBuildFile; fileRef = D10834A126DE1A9F005674A5 /* Profile.swift */; };
		D10834A526DE1B5A005674A5 /* ProfileHost.swift in Sources */ = {isa = PBXBuildFile; fileRef = D10834A426DE1B5A005674A5 /* ProfileHost.swift */; };
		D10834AA26DE1C1F005674A5 /* ProfileSummary.swift in Sources */ = {isa = PBXBuildFile; fileRef = D10834A926DE1C1F005674A5 /* ProfileSummary.swift */; };
		D10834AD26DE1D9D005674A5 /* HikeBadge.swift in Sources */ = {isa = PBXBuildFile; fileRef = D10834AC26DE1D9D005674A5 /* HikeBadge.swift */; };
		D10834B026DE24EA005674A5 /* ProfileEditor.swift in Sources */ = {isa = PBXBuildFile; fileRef = D10834AF26DE24EA005674A5 /* ProfileEditor.swift */; };
		D142976D26E0F14300178964 /* Assets.xcassets in Resources */ = {isa = PBXBuildFile; fileRef = D142976C26E0F14300178964 /* Assets.xcassets */; };
		D142977426E0F14300178964 /* WatchLandmarks Extension.appex in Embed App Extensions */ = {isa = PBXBuildFile; fileRef = D142977326E0F14300178964 /* WatchLandmarks Extension.appex */; settings = {ATTRIBUTES = (RemoveHeadersOnCopy, ); }; };
		D142977B26E0F14300178964 /* ContentView.swift in Sources */ = {isa = PBXBuildFile; fileRef = D142977A26E0F14300178964 /* ContentView.swift */; };
		D142977D26E0F14300178964 /* NotificationController.swift in Sources */ = {isa = PBXBuildFile; fileRef = D142977C26E0F14300178964 /* NotificationController.swift */; };
		D142977F26E0F14300178964 /* NotificationView.swift in Sources */ = {isa = PBXBuildFile; fileRef = D142977E26E0F14300178964 /* NotificationView.swift */; };
		D142978126E0F14300178964 /* ComplicationController.swift in Sources */ = {isa = PBXBuildFile; fileRef = D142978026E0F14300178964 /* ComplicationController.swift */; };
		D142978326E0F14400178964 /* Assets.xcassets in Resources */ = {isa = PBXBuildFile; fileRef = D142978226E0F14400178964 /* Assets.xcassets */; };
		D142978626E0F14400178964 /* Preview Assets.xcassets in Resources */ = {isa = PBXBuildFile; fileRef = D142978526E0F14400178964 /* Preview Assets.xcassets */; };
		D142978B26E0F14400178964 /* WatchLandmarks.app in Embed Watch Content */ = {isa = PBXBuildFile; fileRef = D142976A26E0F14000178964 /* WatchLandmarks.app */; settings = {ATTRIBUTES = (RemoveHeadersOnCopy, ); }; };
		D142979D26E0F56100178964 /* CircleImage.swift in Sources */ = {isa = PBXBuildFile; fileRef = D1A7E234268DD63D002A9591 /* CircleImage.swift */; };
		D142979E26E0F56100178964 /* Landmark.swift in Sources */ = {isa = PBXBuildFile; fileRef = D196EE47268F3EA9004A62AC /* Landmark.swift */; };
		D142979F26E0F56100178964 /* MapView.swift in Sources */ = {isa = PBXBuildFile; fileRef = D1A7E237268DD911002A9591 /* MapView.swift */; };
		D14297A026E0F56100178964 /* LandmarkList.swift in Sources */ = {isa = PBXBuildFile; fileRef = D1CBA619268F87E100DF4F3F /* LandmarkList.swift */; };
		D14297A126E0F56100178964 /* Hike.swift in Sources */ = {isa = PBXBuildFile; fileRef = D18C11F5269451CD00234762 /* Hike.swift */; };
		D14297A226E0F56100178964 /* ModelData.swift in Sources */ = {isa = PBXBuildFile; fileRef = D196EE4A268F42D4004A62AC /* ModelData.swift */; };
		D14297A326E0F56100178964 /* LandmarksApp.swift in Sources */ = {isa = PBXBuildFile; fileRef = D1A7E224268DBFB6002A9591 /* LandmarksApp.swift */; };
		D14297A426E0F56100178964 /* LandmarkRow.swift in Sources */ = {isa = PBXBuildFile; fileRef = D1CBA62D2690E26700DF4F3F /* LandmarkRow.swift */; };
		D14297A526E0F56100178964 /* Profile.swift in Sources */ = {isa = PBXBuildFile; fileRef = D10834A126DE1A9F005674A5 /* Profile.swift */; };
		D14297A626E0F56100178964 /* landmarkData.json in Resources */ = {isa = PBXBuildFile; fileRef = D196EE40268F3D6C004A62AC /* landmarkData.json */; };
		D14297A726E0F56100178964 /* Assets.xcassets in Resources */ = {isa = PBXBuildFile; fileRef = D1A7E228268DBFB9002A9591 /* Assets.xcassets */; };
		D14297A826E0F56100178964 /* hikeData.json in Resources */ = {isa = PBXBuildFile; fileRef = D18C11F22694514B00234762 /* hikeData.json */; };
		D14297AD26E0F75800178964 /* LandmarkDetail.swift in Sources */ = {isa = PBXBuildFile; fileRef = D14297AC26E0F75800178964 /* LandmarkDetail.swift */; };
		D157E36F26DF7ED900367DDA /* PageViewController.swift in Sources */ = {isa = PBXBuildFile; fileRef = D157E36E26DF7ED900367DDA /* PageViewController.swift */; };
		D157E37426DF81C100367DDA /* FeatureCard.swift in Sources */ = {isa = PBXBuildFile; fileRef = D157E37326DF81C100367DDA /* FeatureCard.swift */; };
		D157E37726DF859F00367DDA /* PageView.swift in Sources */ = {isa = PBXBuildFile; fileRef = D157E37626DF859F00367DDA /* PageView.swift */; };
		D157E37A26DFB14E00367DDA /* PageControl.swift in Sources */ = {isa = PBXBuildFile; fileRef = D157E37926DFB14E00367DDA /* PageControl.swift */; };
		D18C11E12693045200234762 /* HexagonParameters.swift in Sources */ = {isa = PBXBuildFile; fileRef = D18C11E02693045200234762 /* HexagonParameters.swift */; };
		D18C11E4269308B600234762 /* BadgeBackground.swift in Sources */ = {isa = PBXBuildFile; fileRef = D18C11E3269308B600234762 /* BadgeBackground.swift */; };
		D18C11E72693181500234762 /* BadgeSymbol.swift in Sources */ = {isa = PBXBuildFile; fileRef = D18C11E62693181500234762 /* BadgeSymbol.swift */; };
		D18C11EA269319FB00234762 /* RotatedBadgeSymbol.swift in Sources */ = {isa = PBXBuildFile; fileRef = D18C11E9269319FB00234762 /* RotatedBadgeSymbol.swift */; };
		D18C11EE26931B2D00234762 /* Badge.swift in Sources */ = {isa = PBXBuildFile; fileRef = D18C11ED26931B2D00234762 /* Badge.swift */; };
		D18C11F32694514B00234762 /* hikeData.json in Resources */ = {isa = PBXBuildFile; fileRef = D18C11F22694514B00234762 /* hikeData.json */; };
		D18C11F6269451CD00234762 /* Hike.swift in Sources */ = {isa = PBXBuildFile; fileRef = D18C11F5269451CD00234762 /* Hike.swift */; };
		D18C11FD269453F400234762 /* GraphCapsule.swift in Sources */ = {isa = PBXBuildFile; fileRef = D18C11F9269453F400234762 /* GraphCapsule.swift */; };
		D18C11FE269453F400234762 /* HikeGraph.swift in Sources */ = {isa = PBXBuildFile; fileRef = D18C11FA269453F400234762 /* HikeGraph.swift */; };
		D18C11FF269453F400234762 /* HikeDetail.swift in Sources */ = {isa = PBXBuildFile; fileRef = D18C11FB269453F400234762 /* HikeDetail.swift */; };
		D18C1200269453F400234762 /* HikeView.swift in Sources */ = {isa = PBXBuildFile; fileRef = D18C11FC269453F400234762 /* HikeView.swift */; };
		D196EE41268F3D6C004A62AC /* landmarkData.json in Resources */ = {isa = PBXBuildFile; fileRef = D196EE40268F3D6C004A62AC /* landmarkData.json */; };
		D196EE48268F3EA9004A62AC /* Landmark.swift in Sources */ = {isa = PBXBuildFile; fileRef = D196EE47268F3EA9004A62AC /* Landmark.swift */; };
		D196EE4B268F42D4004A62AC /* ModelData.swift in Sources */ = {isa = PBXBuildFile; fileRef = D196EE4A268F42D4004A62AC /* ModelData.swift */; };
		D1A7E225268DBFB6002A9591 /* LandmarksApp.swift in Sources */ = {isa = PBXBuildFile; fileRef = D1A7E224268DBFB6002A9591 /* LandmarksApp.swift */; };
		D1A7E227268DBFB6002A9591 /* ContentView.swift in Sources */ = {isa = PBXBuildFile; fileRef = D1A7E226268DBFB6002A9591 /* ContentView.swift */; };
		D1A7E229268DBFB9002A9591 /* Assets.xcassets in Resources */ = {isa = PBXBuildFile; fileRef = D1A7E228268DBFB9002A9591 /* Assets.xcassets */; };
		D1A7E22C268DBFB9002A9591 /* Preview Assets.xcassets in Resources */ = {isa = PBXBuildFile; fileRef = D1A7E22B268DBFB9002A9591 /* Preview Assets.xcassets */; };
		D1A7E235268DD63D002A9591 /* CircleImage.swift in Sources */ = {isa = PBXBuildFile; fileRef = D1A7E234268DD63D002A9591 /* CircleImage.swift */; };
		D1A7E238268DD911002A9591 /* MapView.swift in Sources */ = {isa = PBXBuildFile; fileRef = D1A7E237268DD911002A9591 /* MapView.swift */; };
		D1CBA61A268F87E100DF4F3F /* LandmarkList.swift in Sources */ = {isa = PBXBuildFile; fileRef = D1CBA619268F87E100DF4F3F /* LandmarkList.swift */; };
		D1CBA61D268F8E7300DF4F3F /* LandmarkDetail.swift in Sources */ = {isa = PBXBuildFile; fileRef = D1CBA61C268F8E7300DF4F3F /* LandmarkDetail.swift */; };
		D1CBA6282690DFB800DF4F3F /* FavoriteButton.swift in Sources */ = {isa = PBXBuildFile; fileRef = D1CBA6272690DFB800DF4F3F /* FavoriteButton.swift */; };
		D1CBA62E2690E26700DF4F3F /* LandmarkRow.swift in Sources */ = {isa = PBXBuildFile; fileRef = D1CBA62D2690E26700DF4F3F /* LandmarkRow.swift */; };
/* End PBXBuildFile section */

/* Begin PBXContainerItemProxy section */
		D142977526E0F14300178964 /* PBXContainerItemProxy */ = {
			isa = PBXContainerItemProxy;
			containerPortal = D1A7E219268DBFB6002A9591 /* Project object */;
			proxyType = 1;
			remoteGlobalIDString = D142977226E0F14300178964;
			remoteInfo = "WatchLandmarks Extension";
		};
		D142978926E0F14400178964 /* PBXContainerItemProxy */ = {
			isa = PBXContainerItemProxy;
			containerPortal = D1A7E219268DBFB6002A9591 /* Project object */;
			proxyType = 1;
			remoteGlobalIDString = D142976926E0F14000178964;
			remoteInfo = WatchLandmarks;
		};
/* End PBXContainerItemProxy section */

/* Begin PBXCopyFilesBuildPhase section */
		D142978C26E0F14400178964 /* Embed Watch Content */ = {
			isa = PBXCopyFilesBuildPhase;
			buildActionMask = 2147483647;
			dstPath = "$(CONTENTS_FOLDER_PATH)/Watch";
			dstSubfolderSpec = 16;
			files = (
				D142978B26E0F14400178964 /* WatchLandmarks.app in Embed Watch Content */,
			);
			name = "Embed Watch Content";
			runOnlyForDeploymentPostprocessing = 0;
		};
		D142978F26E0F14400178964 /* Embed App Extensions */ = {
			isa = PBXCopyFilesBuildPhase;
			buildActionMask = 2147483647;
			dstPath = "";
			dstSubfolderSpec = 13;
			files = (
				D142977426E0F14300178964 /* WatchLandmarks Extension.appex in Embed App Extensions */,
			);
			name = "Embed App Extensions";
			runOnlyForDeploymentPostprocessing = 0;
		};
/* End PBXCopyFilesBuildPhase section */

/* Begin PBXFileReference section */
		D108349426DCDB1E005674A5 /* CategoryHome.swift */ = {isa = PBXFileReference; lastKnownFileType = sourcecode.swift; path = CategoryHome.swift; sourceTree = "<group>"; };
		D108349726DCE3C5005674A5 /* CategoryRow.swift */ = {isa = PBXFileReference; lastKnownFileType = sourcecode.swift; path = CategoryRow.swift; sourceTree = "<group>"; };
		D108349E26DCF0FD005674A5 /* CategoryItem.swift */ = {isa = PBXFileReference; lastKnownFileType = sourcecode.swift; path = CategoryItem.swift; sourceTree = "<group>"; };
		D10834A126DE1A9F005674A5 /* Profile.swift */ = {isa = PBXFileReference; lastKnownFileType = sourcecode.swift; path = Profile.swift; sourceTree = "<group>"; };
		D10834A426DE1B5A005674A5 /* ProfileHost.swift */ = {isa = PBXFileReference; lastKnownFileType = sourcecode.swift; path = ProfileHost.swift; sourceTree = "<group>"; };
		D10834A926DE1C1F005674A5 /* ProfileSummary.swift */ = {isa = PBXFileReference; lastKnownFileType = sourcecode.swift; path = ProfileSummary.swift; sourceTree = "<group>"; };
		D10834AC26DE1D9D005674A5 /* HikeBadge.swift */ = {isa = PBXFileReference; lastKnownFileType = sourcecode.swift; path = HikeBadge.swift; sourceTree = "<group>"; };
		D10834AF26DE24EA005674A5 /* ProfileEditor.swift */ = {isa = PBXFileReference; lastKnownFileType = sourcecode.swift; path = ProfileEditor.swift; sourceTree = "<group>"; };
		D142976A26E0F14000178964 /* WatchLandmarks.app */ = {isa = PBXFileReference; explicitFileType = wrapper.application; includeInIndex = 0; path = WatchLandmarks.app; sourceTree = BUILT_PRODUCTS_DIR; };
		D142976C26E0F14300178964 /* Assets.xcassets */ = {isa = PBXFileReference; lastKnownFileType = folder.assetcatalog; path = Assets.xcassets; sourceTree = "<group>"; };
		D142976E26E0F14300178964 /* Info.plist */ = {isa = PBXFileReference; lastKnownFileType = text.plist.xml; path = Info.plist; sourceTree = "<group>"; };
		D142977326E0F14300178964 /* WatchLandmarks Extension.appex */ = {isa = PBXFileReference; explicitFileType = "wrapper.app-extension"; includeInIndex = 0; path = "WatchLandmarks Extension.appex"; sourceTree = BUILT_PRODUCTS_DIR; };
		D142977A26E0F14300178964 /* ContentView.swift */ = {isa = PBXFileReference; lastKnownFileType = sourcecode.swift; path = ContentView.swift; sourceTree = "<group>"; };
		D142977C26E0F14300178964 /* NotificationController.swift */ = {isa = PBXFileReference; lastKnownFileType = sourcecode.swift; path = NotificationController.swift; sourceTree = "<group>"; };
		D142977E26E0F14300178964 /* NotificationView.swift */ = {isa = PBXFileReference; lastKnownFileType = sourcecode.swift; path = NotificationView.swift; sourceTree = "<group>"; };
		D142978026E0F14300178964 /* ComplicationController.swift */ = {isa = PBXFileReference; lastKnownFileType = sourcecode.swift; path = ComplicationController.swift; sourceTree = "<group>"; };
		D142978226E0F14400178964 /* Assets.xcassets */ = {isa = PBXFileReference; lastKnownFileType = folder.assetcatalog; path = Assets.xcassets; sourceTree = "<group>"; };
		D142978526E0F14400178964 /* Preview Assets.xcassets */ = {isa = PBXFileReference; lastKnownFileType = folder.assetcatalog; path = "Preview Assets.xcassets"; sourceTree = "<group>"; };
		D142978726E0F14400178964 /* Info.plist */ = {isa = PBXFileReference; lastKnownFileType = text.plist.xml; path = Info.plist; sourceTree = "<group>"; };
		D142978826E0F14400178964 /* PushNotificationPayload.apns */ = {isa = PBXFileReference; lastKnownFileType = text; path = PushNotificationPayload.apns; sourceTree = "<group>"; };
		D14297AC26E0F75800178964 /* LandmarkDetail.swift */ = {isa = PBXFileReference; lastKnownFileType = sourcecode.swift; path = LandmarkDetail.swift; sourceTree = "<group>"; };
		D157E36E26DF7ED900367DDA /* PageViewController.swift */ = {isa = PBXFileReference; lastKnownFileType = sourcecode.swift; path = PageViewController.swift; sourceTree = "<group>"; };
		D157E37326DF81C100367DDA /* FeatureCard.swift */ = {isa = PBXFileReference; lastKnownFileType = sourcecode.swift; path = FeatureCard.swift; sourceTree = "<group>"; };
		D157E37626DF859F00367DDA /* PageView.swift */ = {isa = PBXFileReference; lastKnownFileType = sourcecode.swift; path = PageView.swift; sourceTree = "<group>"; };
		D157E37926DFB14E00367DDA /* PageControl.swift */ = {isa = PBXFileReference; lastKnownFileType = sourcecode.swift; path = PageControl.swift; sourceTree = "<group>"; };
		D18C11E02693045200234762 /* HexagonParameters.swift */ = {isa = PBXFileReference; lastKnownFileType = sourcecode.swift; path = HexagonParameters.swift; sourceTree = "<group>"; };
		D18C11E3269308B600234762 /* BadgeBackground.swift */ = {isa = PBXFileReference; lastKnownFileType = sourcecode.swift; path = BadgeBackground.swift; sourceTree = "<group>"; };
		D18C11E62693181500234762 /* BadgeSymbol.swift */ = {isa = PBXFileReference; lastKnownFileType = sourcecode.swift; path = BadgeSymbol.swift; sourceTree = "<group>"; };
		D18C11E9269319FB00234762 /* RotatedBadgeSymbol.swift */ = {isa = PBXFileReference; lastKnownFileType = sourcecode.swift; path = RotatedBadgeSymbol.swift; sourceTree = "<group>"; };
		D18C11ED26931B2D00234762 /* Badge.swift */ = {isa = PBXFileReference; lastKnownFileType = sourcecode.swift; path = Badge.swift; sourceTree = "<group>"; };
		D18C11F22694514B00234762 /* hikeData.json */ = {isa = PBXFileReference; fileEncoding = 4; lastKnownFileType = text.json; path = hikeData.json; sourceTree = "<group>"; };
		D18C11F5269451CD00234762 /* Hike.swift */ = {isa = PBXFileReference; lastKnownFileType = sourcecode.swift; path = Hike.swift; sourceTree = "<group>"; };
		D18C11F9269453F400234762 /* GraphCapsule.swift */ = {isa = PBXFileReference; fileEncoding = 4; lastKnownFileType = sourcecode.swift; path = GraphCapsule.swift; sourceTree = "<group>"; };
		D18C11FA269453F400234762 /* HikeGraph.swift */ = {isa = PBXFileReference; fileEncoding = 4; lastKnownFileType = sourcecode.swift; path = HikeGraph.swift; sourceTree = "<group>"; };
		D18C11FB269453F400234762 /* HikeDetail.swift */ = {isa = PBXFileReference; fileEncoding = 4; lastKnownFileType = sourcecode.swift; path = HikeDetail.swift; sourceTree = "<group>"; };
		D18C11FC269453F400234762 /* HikeView.swift */ = {isa = PBXFileReference; fileEncoding = 4; lastKnownFileType = sourcecode.swift; path = HikeView.swift; sourceTree = "<group>"; };
		D196EE40268F3D6C004A62AC /* landmarkData.json */ = {isa = PBXFileReference; fileEncoding = 4; lastKnownFileType = text.json; path = landmarkData.json; sourceTree = "<group>"; };
		D196EE47268F3EA9004A62AC /* Landmark.swift */ = {isa = PBXFileReference; lastKnownFileType = sourcecode.swift; path = Landmark.swift; sourceTree = "<group>"; };
		D196EE4A268F42D4004A62AC /* ModelData.swift */ = {isa = PBXFileReference; lastKnownFileType = sourcecode.swift; path = ModelData.swift; sourceTree = "<group>"; };
		D1A7E221268DBFB6002A9591 /* Landmarks.app */ = {isa = PBXFileReference; explicitFileType = wrapper.application; includeInIndex = 0; path = Landmarks.app; sourceTree = BUILT_PRODUCTS_DIR; };
		D1A7E224268DBFB6002A9591 /* LandmarksApp.swift */ = {isa = PBXFileReference; lastKnownFileType = sourcecode.swift; path = LandmarksApp.swift; sourceTree = "<group>"; };
		D1A7E226268DBFB6002A9591 /* ContentView.swift */ = {isa = PBXFileReference; lastKnownFileType = sourcecode.swift; path = ContentView.swift; sourceTree = "<group>"; };
		D1A7E228268DBFB9002A9591 /* Assets.xcassets */ = {isa = PBXFileReference; lastKnownFileType = folder.assetcatalog; path = Assets.xcassets; sourceTree = "<group>"; };
		D1A7E22B268DBFB9002A9591 /* Preview Assets.xcassets */ = {isa = PBXFileReference; lastKnownFileType = folder.assetcatalog; path = "Preview Assets.xcassets"; sourceTree = "<group>"; };
		D1A7E22D268DBFB9002A9591 /* Info.plist */ = {isa = PBXFileReference; lastKnownFileType = text.plist.xml; path = Info.plist; sourceTree = "<group>"; };
		D1A7E234268DD63D002A9591 /* CircleImage.swift */ = {isa = PBXFileReference; lastKnownFileType = sourcecode.swift; path = CircleImage.swift; sourceTree = "<group>"; };
		D1A7E237268DD911002A9591 /* MapView.swift */ = {isa = PBXFileReference; lastKnownFileType = sourcecode.swift; path = MapView.swift; sourceTree = "<group>"; };
		D1CBA619268F87E100DF4F3F /* LandmarkList.swift */ = {isa = PBXFileReference; lastKnownFileType = sourcecode.swift; path = LandmarkList.swift; sourceTree = "<group>"; };
		D1CBA61C268F8E7300DF4F3F /* LandmarkDetail.swift */ = {isa = PBXFileReference; lastKnownFileType = sourcecode.swift; path = LandmarkDetail.swift; sourceTree = "<group>"; };
		D1CBA6272690DFB800DF4F3F /* FavoriteButton.swift */ = {isa = PBXFileReference; lastKnownFileType = sourcecode.swift; path = FavoriteButton.swift; sourceTree = "<group>"; };
		D1CBA62D2690E26700DF4F3F /* LandmarkRow.swift */ = {isa = PBXFileReference; fileEncoding = 4; lastKnownFileType = sourcecode.swift; path = LandmarkRow.swift; sourceTree = "<group>"; };
/* End PBXFileReference section */

/* Begin PBXFrameworksBuildPhase section */
		D142977026E0F14300178964 /* Frameworks */ = {
			isa = PBXFrameworksBuildPhase;
			buildActionMask = 2147483647;
			files = (
			);
			runOnlyForDeploymentPostprocessing = 0;
		};
		D1A7E21E268DBFB6002A9591 /* Frameworks */ = {
			isa = PBXFrameworksBuildPhase;
			buildActionMask = 2147483647;
			files = (
			);
			runOnlyForDeploymentPostprocessing = 0;
		};
/* End PBXFrameworksBuildPhase section */

/* Begin PBXGroup section */
		D108349C26DCE619005674A5 /* Categories */ = {
			isa = PBXGroup;
			children = (
				D108349726DCE3C5005674A5 /* CategoryRow.swift */,
				D108349426DCDB1E005674A5 /* CategoryHome.swift */,
				D108349E26DCF0FD005674A5 /* CategoryItem.swift */,
			);
			path = Categories;
			sourceTree = "<group>";
		};
		D10834A726DE1B6B005674A5 /* Profiles  */ = {
			isa = PBXGroup;
			children = (
				D10834A426DE1B5A005674A5 /* ProfileHost.swift */,
				D10834A926DE1C1F005674A5 /* ProfileSummary.swift */,
				D10834AF26DE24EA005674A5 /* ProfileEditor.swift */,
			);
			path = "Profiles ";
			sourceTree = "<group>";
		};
		D142976B26E0F14000178964 /* WatchLandmarks */ = {
			isa = PBXGroup;
			children = (
				D142976C26E0F14300178964 /* Assets.xcassets */,
				D142976E26E0F14300178964 /* Info.plist */,
			);
			path = WatchLandmarks;
			sourceTree = "<group>";
		};
		D142977726E0F14300178964 /* WatchLandmarks Extension */ = {
			isa = PBXGroup;
			children = (
				D142977A26E0F14300178964 /* ContentView.swift */,
				D142977C26E0F14300178964 /* NotificationController.swift */,
				D142977E26E0F14300178964 /* NotificationView.swift */,
				D142978026E0F14300178964 /* ComplicationController.swift */,
				D142978226E0F14400178964 /* Assets.xcassets */,
				D142978726E0F14400178964 /* Info.plist */,
				D142978826E0F14400178964 /* PushNotificationPayload.apns */,
				D142978426E0F14400178964 /* Preview Content */,
				D14297AC26E0F75800178964 /* LandmarkDetail.swift */,
			);
			path = "WatchLandmarks Extension";
			sourceTree = "<group>";
		};
		D142978426E0F14400178964 /* Preview Content */ = {
			isa = PBXGroup;
			children = (
				D142978526E0F14400178964 /* Preview Assets.xcassets */,
			);
			path = "Preview Content";
			sourceTree = "<group>";
		};
		D157E37126DF7EF500367DDA /* PageView */ = {
			isa = PBXGroup;
			children = (
				D157E36E26DF7ED900367DDA /* PageViewController.swift */,
				D157E37326DF81C100367DDA /* FeatureCard.swift */,
				D157E37626DF859F00367DDA /* PageView.swift */,
				D157E37926DFB14E00367DDA /* PageControl.swift */,
			);
			path = PageView;
			sourceTree = "<group>";
		};
		D18C11F026931F1D00234762 /* Badges */ = {
			isa = PBXGroup;
			children = (
				D18C11E02693045200234762 /* HexagonParameters.swift */,
				D18C11E3269308B600234762 /* BadgeBackground.swift */,
				D18C11E9269319FB00234762 /* RotatedBadgeSymbol.swift */,
				D18C11ED26931B2D00234762 /* Badge.swift */,
				D18C11E62693181500234762 /* BadgeSymbol.swift */,
			);
			path = Badges;
			sourceTree = "<group>";
		};
		D18C11F8269453F400234762 /* Hikes */ = {
			isa = PBXGroup;
			children = (
				D18C11F9269453F400234762 /* GraphCapsule.swift */,
				D18C11FA269453F400234762 /* HikeGraph.swift */,
				D18C11FB269453F400234762 /* HikeDetail.swift */,
				D18C11FC269453F400234762 /* HikeView.swift */,
				D10834AC26DE1D9D005674A5 /* HikeBadge.swift */,
			);
			path = Hikes;
			sourceTree = "<group>";
		};
		D196EE4D268F506A004A62AC /* Model */ = {
			isa = PBXGroup;
			children = (
				D196EE47268F3EA9004A62AC /* Landmark.swift */,
				D18C11F5269451CD00234762 /* Hike.swift */,
				D196EE4A268F42D4004A62AC /* ModelData.swift */,
				D10834A126DE1A9F005674A5 /* Profile.swift */,
			);
			path = Model;
			sourceTree = "<group>";
		};
		D196EE4E268F50DA004A62AC /* Views  */ = {
			isa = PBXGroup;
			children = (
				D108349C26DCE619005674A5 /* Categories */,
				D18C11F026931F1D00234762 /* Badges */,
				D1A7E226268DBFB6002A9591 /* ContentView.swift */,
				D18C11F8269453F400234762 /* Hikes */,
				D1CBA62A2690E16800DF4F3F /* Helpers */,
				D1CBA62C2690E18F00DF4F3F /* Landmarks */,
				D10834A726DE1B6B005674A5 /* Profiles  */,
				D157E37126DF7EF500367DDA /* PageView */,
			);
			path = "Views ";
			sourceTree = "<group>";
		};
		D196EE50268F5141004A62AC /* Resources  */ = {
			isa = PBXGroup;
			children = (
				D18C11F22694514B00234762 /* hikeData.json */,
				D196EE40268F3D6C004A62AC /* landmarkData.json */,
			);
			path = "Resources ";
			sourceTree = "<group>";
		};
		D1A7E218268DBFB6002A9591 = {
			isa = PBXGroup;
			children = (
				D1A7E223268DBFB6002A9591 /* Landmarks */,
				D142976B26E0F14000178964 /* WatchLandmarks */,
				D142977726E0F14300178964 /* WatchLandmarks Extension */,
				D1A7E222268DBFB6002A9591 /* Products */,
			);
			sourceTree = "<group>";
		};
		D1A7E222268DBFB6002A9591 /* Products */ = {
			isa = PBXGroup;
			children = (
				D1A7E221268DBFB6002A9591 /* Landmarks.app */,
				D142976A26E0F14000178964 /* WatchLandmarks.app */,
				D142977326E0F14300178964 /* WatchLandmarks Extension.appex */,
			);
			name = Products;
			sourceTree = "<group>";
		};
		D1A7E223268DBFB6002A9591 /* Landmarks */ = {
			isa = PBXGroup;
			children = (
				D1A7E224268DBFB6002A9591 /* LandmarksApp.swift */,
				D196EE4E268F50DA004A62AC /* Views  */,
				D196EE4D268F506A004A62AC /* Model */,
				D196EE50268F5141004A62AC /* Resources  */,
				D1A7E228268DBFB9002A9591 /* Assets.xcassets */,
				D1A7E22D268DBFB9002A9591 /* Info.plist */,
				D1A7E22A268DBFB9002A9591 /* Preview Content */,
			);
			path = Landmarks;
			sourceTree = "<group>";
		};
		D1A7E22A268DBFB9002A9591 /* Preview Content */ = {
			isa = PBXGroup;
			children = (
				D1A7E22B268DBFB9002A9591 /* Preview Assets.xcassets */,
			);
			path = "Preview Content";
			sourceTree = "<group>";
		};
		D1CBA62A2690E16800DF4F3F /* Helpers */ = {
			isa = PBXGroup;
			children = (
				D1A7E234268DD63D002A9591 /* CircleImage.swift */,
				D1A7E237268DD911002A9591 /* MapView.swift */,
				D1CBA6272690DFB800DF4F3F /* FavoriteButton.swift */,
			);
			path = Helpers;
			sourceTree = "<group>";
		};
		D1CBA62C2690E18F00DF4F3F /* Landmarks */ = {
			isa = PBXGroup;
			children = (
				D1CBA62D2690E26700DF4F3F /* LandmarkRow.swift */,
				D1CBA619268F87E100DF4F3F /* LandmarkList.swift */,
				D1CBA61C268F8E7300DF4F3F /* LandmarkDetail.swift */,
			);
			path = Landmarks;
			sourceTree = "<group>";
		};
/* End PBXGroup section */

/* Begin PBXNativeTarget section */
		D142976926E0F14000178964 /* WatchLandmarks */ = {
			isa = PBXNativeTarget;
			buildConfigurationList = D142979326E0F14400178964 /* Build configuration list for PBXNativeTarget "WatchLandmarks" */;
			buildPhases = (
				D142976826E0F14000178964 /* Resources */,
				D142978F26E0F14400178964 /* Embed App Extensions */,
			);
			buildRules = (
			);
			dependencies = (
				D142977626E0F14300178964 /* PBXTargetDependency */,
			);
			name = WatchLandmarks;
			productName = WatchLandmarks;
			productReference = D142976A26E0F14000178964 /* WatchLandmarks.app */;
			productType = "com.apple.product-type.application.watchapp2";
		};
		D142977226E0F14300178964 /* WatchLandmarks Extension */ = {
			isa = PBXNativeTarget;
			buildConfigurationList = D142979226E0F14400178964 /* Build configuration list for PBXNativeTarget "WatchLandmarks Extension" */;
			buildPhases = (
				D142976F26E0F14300178964 /* Sources */,
				D142977026E0F14300178964 /* Frameworks */,
				D142977126E0F14300178964 /* Resources */,
			);
			buildRules = (
			);
			dependencies = (
			);
			name = "WatchLandmarks Extension";
			productName = "WatchLandmarks Extension";
			productReference = D142977326E0F14300178964 /* WatchLandmarks Extension.appex */;
			productType = "com.apple.product-type.watchkit2-extension";
		};
		D1A7E220268DBFB6002A9591 /* Landmarks */ = {
			isa = PBXNativeTarget;
			buildConfigurationList = D1A7E230268DBFB9002A9591 /* Build configuration list for PBXNativeTarget "Landmarks" */;
			buildPhases = (
				D1A7E21D268DBFB6002A9591 /* Sources */,
				D1A7E21E268DBFB6002A9591 /* Frameworks */,
				D1A7E21F268DBFB6002A9591 /* Resources */,
				D142978C26E0F14400178964 /* Embed Watch Content */,
			);
			buildRules = (
			);
			dependencies = (
				D142978A26E0F14400178964 /* PBXTargetDependency */,
			);
			name = Landmarks;
			productName = Landmarks;
			productReference = D1A7E221268DBFB6002A9591 /* Landmarks.app */;
			productType = "com.apple.product-type.application";
		};
/* End PBXNativeTarget section */

/* Begin PBXProject section */
		D1A7E219268DBFB6002A9591 /* Project object */ = {
			isa = PBXProject;
			attributes = {
				LastSwiftUpdateCheck = 1240;
				LastUpgradeCheck = 1240;
				TargetAttributes = {
					D142976926E0F14000178964 = {
						CreatedOnToolsVersion = 12.4;
					};
					D142977226E0F14300178964 = {
						CreatedOnToolsVersion = 12.4;
					};
					D1A7E220268DBFB6002A9591 = {
						CreatedOnToolsVersion = 12.4;
					};
				};
			};
			buildConfigurationList = D1A7E21C268DBFB6002A9591 /* Build configuration list for PBXProject "Landmarks" */;
			compatibilityVersion = "Xcode 9.3";
			developmentRegion = en;
			hasScannedForEncodings = 0;
			knownRegions = (
				en,
				Base,
			);
			mainGroup = D1A7E218268DBFB6002A9591;
			productRefGroup = D1A7E222268DBFB6002A9591 /* Products */;
			projectDirPath = "";
			projectRoot = "";
			targets = (
				D1A7E220268DBFB6002A9591 /* Landmarks */,
				D142976926E0F14000178964 /* WatchLandmarks */,
				D142977226E0F14300178964 /* WatchLandmarks Extension */,
			);
		};
/* End PBXProject section */

/* Begin PBXResourcesBuildPhase section */
		D142976826E0F14000178964 /* Resources */ = {
			isa = PBXResourcesBuildPhase;
			buildActionMask = 2147483647;
			files = (
				D142976D26E0F14300178964 /* Assets.xcassets in Resources */,
			);
			runOnlyForDeploymentPostprocessing = 0;
		};
		D142977126E0F14300178964 /* Resources */ = {
			isa = PBXResourcesBuildPhase;
			buildActionMask = 2147483647;
			files = (
				D142978626E0F14400178964 /* Preview Assets.xcassets in Resources */,
				D142978326E0F14400178964 /* Assets.xcassets in Resources */,
				D14297A726E0F56100178964 /* Assets.xcassets in Resources */,
				D14297A626E0F56100178964 /* landmarkData.json in Resources */,
				D14297A826E0F56100178964 /* hikeData.json in Resources */,
			);
			runOnlyForDeploymentPostprocessing = 0;
		};
		D1A7E21F268DBFB6002A9591 /* Resources */ = {
			isa = PBXResourcesBuildPhase;
			buildActionMask = 2147483647;
			files = (
				D18C11F32694514B00234762 /* hikeData.json in Resources */,
				D1A7E22C268DBFB9002A9591 /* Preview Assets.xcassets in Resources */,
				D1A7E229268DBFB9002A9591 /* Assets.xcassets in Resources */,
				D196EE41268F3D6C004A62AC /* landmarkData.json in Resources */,
			);
			runOnlyForDeploymentPostprocessing = 0;
		};
/* End PBXResourcesBuildPhase section */

/* Begin PBXSourcesBuildPhase section */
		D142976F26E0F14300178964 /* Sources */ = {
			isa = PBXSourcesBuildPhase;
			buildActionMask = 2147483647;
			files = (
				D142979F26E0F56100178964 /* MapView.swift in Sources */,
				D142977D26E0F14300178964 /* NotificationController.swift in Sources */,
				D14297A426E0F56100178964 /* LandmarkRow.swift in Sources */,
				D14297A526E0F56100178964 /* Profile.swift in Sources */,
				D142977B26E0F14300178964 /* ContentView.swift in Sources */,
				D14297A026E0F56100178964 /* LandmarkList.swift in Sources */,
				D14297AD26E0F75800178964 /* LandmarkDetail.swift in Sources */,
				D14297A326E0F56100178964 /* LandmarksApp.swift in Sources */,
				D142978126E0F14300178964 /* ComplicationController.swift in Sources */,
				D142977F26E0F14300178964 /* NotificationView.swift in Sources */,
				D14297A126E0F56100178964 /* Hike.swift in Sources */,
				D14297A226E0F56100178964 /* ModelData.swift in Sources */,
				D142979D26E0F56100178964 /* CircleImage.swift in Sources */,
				D142979E26E0F56100178964 /* Landmark.swift in Sources */,
			);
			runOnlyForDeploymentPostprocessing = 0;
		};
		D1A7E21D268DBFB6002A9591 /* Sources */ = {
			isa = PBXSourcesBuildPhase;
			buildActionMask = 2147483647;
			files = (
				D108349826DCE3C5005674A5 /* CategoryRow.swift in Sources */,
				D10834A226DE1A9F005674A5 /* Profile.swift in Sources */,
				D1A7E227268DBFB6002A9591 /* ContentView.swift in Sources */,
				D108349526DCDB1E005674A5 /* CategoryHome.swift in Sources */,
				D157E37426DF81C100367DDA /* FeatureCard.swift in Sources */,
				D18C11FE269453F400234762 /* HikeGraph.swift in Sources */,
				D18C11EE26931B2D00234762 /* Badge.swift in Sources */,
				D1A7E238268DD911002A9591 /* MapView.swift in Sources */,
				D18C11FD269453F400234762 /* GraphCapsule.swift in Sources */,
				D1A7E225268DBFB6002A9591 /* LandmarksApp.swift in Sources */,
				D157E37A26DFB14E00367DDA /* PageControl.swift in Sources */,
				D1CBA6282690DFB800DF4F3F /* FavoriteButton.swift in Sources */,
				D108349F26DCF0FD005674A5 /* CategoryItem.swift in Sources */,
				D18C11FF269453F400234762 /* HikeDetail.swift in Sources */,
				D10834AA26DE1C1F005674A5 /* ProfileSummary.swift in Sources */,
				D18C11E12693045200234762 /* HexagonParameters.swift in Sources */,
				D10834A526DE1B5A005674A5 /* ProfileHost.swift in Sources */,
				D18C11F6269451CD00234762 /* Hike.swift in Sources */,
				D18C11EA269319FB00234762 /* RotatedBadgeSymbol.swift in Sources */,
				D157E37726DF859F00367DDA /* PageView.swift in Sources */,
				D18C11E72693181500234762 /* BadgeSymbol.swift in Sources */,
				D10834B026DE24EA005674A5 /* ProfileEditor.swift in Sources */,
				D1CBA61A268F87E100DF4F3F /* LandmarkList.swift in Sources */,
				D18C1200269453F400234762 /* HikeView.swift in Sources */,
				D1CBA61D268F8E7300DF4F3F /* LandmarkDetail.swift in Sources */,
				D157E36F26DF7ED900367DDA /* PageViewController.swift in Sources */,
				D18C11E4269308B600234762 /* BadgeBackground.swift in Sources */,
				D10834AD26DE1D9D005674A5 /* HikeBadge.swift in Sources */,
				D1A7E235268DD63D002A9591 /* CircleImage.swift in Sources */,
				D196EE48268F3EA9004A62AC /* Landmark.swift in Sources */,
				D1CBA62E2690E26700DF4F3F /* LandmarkRow.swift in Sources */,
				D196EE4B268F42D4004A62AC /* ModelData.swift in Sources */,
			);
			runOnlyForDeploymentPostprocessing = 0;
		};
/* End PBXSourcesBuildPhase section */

/* Begin PBXTargetDependency section */
		D142977626E0F14300178964 /* PBXTargetDependency */ = {
			isa = PBXTargetDependency;
			target = D142977226E0F14300178964 /* WatchLandmarks Extension */;
			targetProxy = D142977526E0F14300178964 /* PBXContainerItemProxy */;
		};
		D142978A26E0F14400178964 /* PBXTargetDependency */ = {
			isa = PBXTargetDependency;
			target = D142976926E0F14000178964 /* WatchLandmarks */;
			targetProxy = D142978926E0F14400178964 /* PBXContainerItemProxy */;
		};
/* End PBXTargetDependency section */

/* Begin XCBuildConfiguration section */
		D142978D26E0F14400178964 /* Debug */ = {
			isa = XCBuildConfiguration;
			buildSettings = {
				ALWAYS_EMBED_SWIFT_STANDARD_LIBRARIES = YES;
				ASSETCATALOG_COMPILER_APPICON_NAME = AppIcon;
				ASSETCATALOG_COMPILER_GLOBAL_ACCENT_COLOR_NAME = AccentColor;
				CODE_SIGN_STYLE = Automatic;
				IBSC_MODULE = WatchLandmarks_Extension;
				INFOPLIST_FILE = WatchLandmarks/Info.plist;
				PRODUCT_BUNDLE_IDENTIFIER = com.deltaappz.Landmarks.watchkitapp;
				PRODUCT_NAME = "$(TARGET_NAME)";
				SDKROOT = watchos;
				SKIP_INSTALL = YES;
				SWIFT_VERSION = 5.0;
				TARGETED_DEVICE_FAMILY = 4;
				WATCHOS_DEPLOYMENT_TARGET = 7.2;
			};
			name = Debug;
		};
		D142978E26E0F14400178964 /* Release */ = {
			isa = XCBuildConfiguration;
			buildSettings = {
				ALWAYS_EMBED_SWIFT_STANDARD_LIBRARIES = YES;
				ASSETCATALOG_COMPILER_APPICON_NAME = AppIcon;
				ASSETCATALOG_COMPILER_GLOBAL_ACCENT_COLOR_NAME = AccentColor;
				CODE_SIGN_STYLE = Automatic;
				IBSC_MODULE = WatchLandmarks_Extension;
				INFOPLIST_FILE = WatchLandmarks/Info.plist;
				PRODUCT_BUNDLE_IDENTIFIER = com.deltaappz.Landmarks.watchkitapp;
				PRODUCT_NAME = "$(TARGET_NAME)";
				SDKROOT = watchos;
				SKIP_INSTALL = YES;
				SWIFT_VERSION = 5.0;
				TARGETED_DEVICE_FAMILY = 4;
				WATCHOS_DEPLOYMENT_TARGET = 7.2;
			};
			name = Release;
		};
		D142979026E0F14400178964 /* Debug */ = {
			isa = XCBuildConfiguration;
			buildSettings = {
				ASSETCATALOG_COMPILER_COMPLICATION_NAME = Complication;
				CODE_SIGN_STYLE = Automatic;
				DEVELOPMENT_ASSET_PATHS = "\"WatchLandmarks Extension/Preview Content\"";
				ENABLE_PREVIEWS = YES;
				INFOPLIST_FILE = "WatchLandmarks Extension/Info.plist";
				LD_RUNPATH_SEARCH_PATHS = (
					"$(inherited)",
					"@executable_path/Frameworks",
					"@executable_path/../../Frameworks",
				);
				PRODUCT_BUNDLE_IDENTIFIER = com.deltaappz.Landmarks.watchkitapp.watchkitextension;
				PRODUCT_NAME = "${TARGET_NAME}";
				SDKROOT = watchos;
				SKIP_INSTALL = YES;
				SWIFT_VERSION = 5.0;
				TARGETED_DEVICE_FAMILY = 4;
				WATCHOS_DEPLOYMENT_TARGET = 7.2;
			};
			name = Debug;
		};
		D142979126E0F14400178964 /* Release */ = {
			isa = XCBuildConfiguration;
			buildSettings = {
				ASSETCATALOG_COMPILER_COMPLICATION_NAME = Complication;
				CODE_SIGN_STYLE = Automatic;
				DEVELOPMENT_ASSET_PATHS = "\"WatchLandmarks Extension/Preview Content\"";
				ENABLE_PREVIEWS = YES;
				INFOPLIST_FILE = "WatchLandmarks Extension/Info.plist";
				LD_RUNPATH_SEARCH_PATHS = (
					"$(inherited)",
					"@executable_path/Frameworks",
					"@executable_path/../../Frameworks",
				);
				PRODUCT_BUNDLE_IDENTIFIER = com.deltaappz.Landmarks.watchkitapp.watchkitextension;
				PRODUCT_NAME = "${TARGET_NAME}";
				SDKROOT = watchos;
				SKIP_INSTALL = YES;
				SWIFT_VERSION = 5.0;
				TARGETED_DEVICE_FAMILY = 4;
				WATCHOS_DEPLOYMENT_TARGET = 7.2;
			};
			name = Release;
		};
		D1A7E22E268DBFB9002A9591 /* Debug */ = {
			isa = XCBuildConfiguration;
			buildSettings = {
				ALWAYS_SEARCH_USER_PATHS = NO;
				CLANG_ANALYZER_NONNULL = YES;
				CLANG_ANALYZER_NUMBER_OBJECT_CONVERSION = YES_AGGRESSIVE;
				CLANG_CXX_LANGUAGE_STANDARD = "gnu++14";
				CLANG_CXX_LIBRARY = "libc++";
				CLANG_ENABLE_MODULES = YES;
				CLANG_ENABLE_OBJC_ARC = YES;
				CLANG_ENABLE_OBJC_WEAK = YES;
				CLANG_WARN_BLOCK_CAPTURE_AUTORELEASING = YES;
				CLANG_WARN_BOOL_CONVERSION = YES;
				CLANG_WARN_COMMA = YES;
				CLANG_WARN_CONSTANT_CONVERSION = YES;
				CLANG_WARN_DEPRECATED_OBJC_IMPLEMENTATIONS = YES;
				CLANG_WARN_DIRECT_OBJC_ISA_USAGE = YES_ERROR;
				CLANG_WARN_DOCUMENTATION_COMMENTS = YES;
				CLANG_WARN_EMPTY_BODY = YES;
				CLANG_WARN_ENUM_CONVERSION = YES;
				CLANG_WARN_INFINITE_RECURSION = YES;
				CLANG_WARN_INT_CONVERSION = YES;
				CLANG_WARN_NON_LITERAL_NULL_CONVERSION = YES;
				CLANG_WARN_OBJC_IMPLICIT_RETAIN_SELF = YES;
				CLANG_WARN_OBJC_LITERAL_CONVERSION = YES;
				CLANG_WARN_OBJC_ROOT_CLASS = YES_ERROR;
				CLANG_WARN_QUOTED_INCLUDE_IN_FRAMEWORK_HEADER = YES;
				CLANG_WARN_RANGE_LOOP_ANALYSIS = YES;
				CLANG_WARN_STRICT_PROTOTYPES = YES;
				CLANG_WARN_SUSPICIOUS_MOVE = YES;
				CLANG_WARN_UNGUARDED_AVAILABILITY = YES_AGGRESSIVE;
				CLANG_WARN_UNREACHABLE_CODE = YES;
				CLANG_WARN__DUPLICATE_METHOD_MATCH = YES;
				COPY_PHASE_STRIP = NO;
				DEBUG_INFORMATION_FORMAT = dwarf;
				ENABLE_STRICT_OBJC_MSGSEND = YES;
				ENABLE_TESTABILITY = YES;
				GCC_C_LANGUAGE_STANDARD = gnu11;
				GCC_DYNAMIC_NO_PIC = NO;
				GCC_NO_COMMON_BLOCKS = YES;
				GCC_OPTIMIZATION_LEVEL = 0;
				GCC_PREPROCESSOR_DEFINITIONS = (
					"DEBUG=1",
					"$(inherited)",
				);
				GCC_WARN_64_TO_32_BIT_CONVERSION = YES;
				GCC_WARN_ABOUT_RETURN_TYPE = YES_ERROR;
				GCC_WARN_UNDECLARED_SELECTOR = YES;
				GCC_WARN_UNINITIALIZED_AUTOS = YES_AGGRESSIVE;
				GCC_WARN_UNUSED_FUNCTION = YES;
				GCC_WARN_UNUSED_VARIABLE = YES;
				IPHONEOS_DEPLOYMENT_TARGET = 14.4;
				MTL_ENABLE_DEBUG_INFO = INCLUDE_SOURCE;
				MTL_FAST_MATH = YES;
				ONLY_ACTIVE_ARCH = YES;
				SDKROOT = iphoneos;
				SWIFT_ACTIVE_COMPILATION_CONDITIONS = DEBUG;
				SWIFT_OPTIMIZATION_LEVEL = "-Onone";
			};
			name = Debug;
		};
		D1A7E22F268DBFB9002A9591 /* Release */ = {
			isa = XCBuildConfiguration;
			buildSettings = {
				ALWAYS_SEARCH_USER_PATHS = NO;
				CLANG_ANALYZER_NONNULL = YES;
				CLANG_ANALYZER_NUMBER_OBJECT_CONVERSION = YES_AGGRESSIVE;
				CLANG_CXX_LANGUAGE_STANDARD = "gnu++14";
				CLANG_CXX_LIBRARY = "libc++";
				CLANG_ENABLE_MODULES = YES;
				CLANG_ENABLE_OBJC_ARC = YES;
				CLANG_ENABLE_OBJC_WEAK = YES;
				CLANG_WARN_BLOCK_CAPTURE_AUTORELEASING = YES;
				CLANG_WARN_BOOL_CONVERSION = YES;
				CLANG_WARN_COMMA = YES;
				CLANG_WARN_CONSTANT_CONVERSION = YES;
				CLANG_WARN_DEPRECATED_OBJC_IMPLEMENTATIONS = YES;
				CLANG_WARN_DIRECT_OBJC_ISA_USAGE = YES_ERROR;
				CLANG_WARN_DOCUMENTATION_COMMENTS = YES;
				CLANG_WARN_EMPTY_BODY = YES;
				CLANG_WARN_ENUM_CONVERSION = YES;
				CLANG_WARN_INFINITE_RECURSION = YES;
				CLANG_WARN_INT_CONVERSION = YES;
				CLANG_WARN_NON_LITERAL_NULL_CONVERSION = YES;
				CLANG_WARN_OBJC_IMPLICIT_RETAIN_SELF = YES;
				CLANG_WARN_OBJC_LITERAL_CONVERSION = YES;
				CLANG_WARN_OBJC_ROOT_CLASS = YES_ERROR;
				CLANG_WARN_QUOTED_INCLUDE_IN_FRAMEWORK_HEADER = YES;
				CLANG_WARN_RANGE_LOOP_ANALYSIS = YES;
				CLANG_WARN_STRICT_PROTOTYPES = YES;
				CLANG_WARN_SUSPICIOUS_MOVE = YES;
				CLANG_WARN_UNGUARDED_AVAILABILITY = YES_AGGRESSIVE;
				CLANG_WARN_UNREACHABLE_CODE = YES;
				CLANG_WARN__DUPLICATE_METHOD_MATCH = YES;
				COPY_PHASE_STRIP = NO;
				DEBUG_INFORMATION_FORMAT = "dwarf-with-dsym";
				ENABLE_NS_ASSERTIONS = NO;
				ENABLE_STRICT_OBJC_MSGSEND = YES;
				GCC_C_LANGUAGE_STANDARD = gnu11;
				GCC_NO_COMMON_BLOCKS = YES;
				GCC_WARN_64_TO_32_BIT_CONVERSION = YES;
				GCC_WARN_ABOUT_RETURN_TYPE = YES_ERROR;
				GCC_WARN_UNDECLARED_SELECTOR = YES;
				GCC_WARN_UNINITIALIZED_AUTOS = YES_AGGRESSIVE;
				GCC_WARN_UNUSED_FUNCTION = YES;
				GCC_WARN_UNUSED_VARIABLE = YES;
				IPHONEOS_DEPLOYMENT_TARGET = 14.4;
				MTL_ENABLE_DEBUG_INFO = NO;
				MTL_FAST_MATH = YES;
				SDKROOT = iphoneos;
				SWIFT_COMPILATION_MODE = wholemodule;
				SWIFT_OPTIMIZATION_LEVEL = "-O";
				VALIDATE_PRODUCT = YES;
			};
			name = Release;
		};
		D1A7E231268DBFB9002A9591 /* Debug */ = {
			isa = XCBuildConfiguration;
			buildSettings = {
				ASSETCATALOG_COMPILER_APPICON_NAME = AppIcon;
				ASSETCATALOG_COMPILER_GLOBAL_ACCENT_COLOR_NAME = AccentColor;
				CODE_SIGN_STYLE = Automatic;
				DEVELOPMENT_ASSET_PATHS = "\"Landmarks/Preview Content\"";
				ENABLE_PREVIEWS = YES;
				INFOPLIST_FILE = Landmarks/Info.plist;
				IPHONEOS_DEPLOYMENT_TARGET = 14.0;
				LD_RUNPATH_SEARCH_PATHS = (
					"$(inherited)",
					"@executable_path/Frameworks",
				);
				PRODUCT_BUNDLE_IDENTIFIER = com.deltaappz.Landmarks;
				PRODUCT_NAME = "$(TARGET_NAME)";
				SWIFT_VERSION = 5.0;
				TARGETED_DEVICE_FAMILY = "1,2";
			};
			name = Debug;
		};
		D1A7E232268DBFB9002A9591 /* Release */ = {
			isa = XCBuildConfiguration;
			buildSettings = {
				ASSETCATALOG_COMPILER_APPICON_NAME = AppIcon;
				ASSETCATALOG_COMPILER_GLOBAL_ACCENT_COLOR_NAME = AccentColor;
				CODE_SIGN_STYLE = Automatic;
				DEVELOPMENT_ASSET_PATHS = "\"Landmarks/Preview Content\"";
				ENABLE_PREVIEWS = YES;
				INFOPLIST_FILE = Landmarks/Info.plist;
				IPHONEOS_DEPLOYMENT_TARGET = 14.0;
				LD_RUNPATH_SEARCH_PATHS = (
					"$(inherited)",
					"@executable_path/Frameworks",
				);
				PRODUCT_BUNDLE_IDENTIFIER = com.deltaappz.Landmarks;
				PRODUCT_NAME = "$(TARGET_NAME)";
				SWIFT_VERSION = 5.0;
				TARGETED_DEVICE_FAMILY = "1,2";
			};
			name = Release;
		};
/* End XCBuildConfiguration section */

/* Begin XCConfigurationList section */
		D142979226E0F14400178964 /* Build configuration list for PBXNativeTarget "WatchLandmarks Extension" */ = {
			isa = XCConfigurationList;
			buildConfigurations = (
				D142979026E0F14400178964 /* Debug */,
				D142979126E0F14400178964 /* Release */,
			);
			defaultConfigurationIsVisible = 0;
			defaultConfigurationName = Release;
		};
		D142979326E0F14400178964 /* Build configuration list for PBXNativeTarget "WatchLandmarks" */ = {
			isa = XCConfigurationList;
			buildConfigurations = (
				D142978D26E0F14400178964 /* Debug */,
				D142978E26E0F14400178964 /* Release */,
			);
			defaultConfigurationIsVisible = 0;
			defaultConfigurationName = Release;
		};
		D1A7E21C268DBFB6002A9591 /* Build configuration list for PBXProject "Landmarks" */ = {
			isa = XCConfigurationList;
			buildConfigurations = (
				D1A7E22E268DBFB9002A9591 /* Debug */,
				D1A7E22F268DBFB9002A9591 /* Release */,
			);
			defaultConfigurationIsVisible = 0;
			defaultConfigurationName = Release;
		};
		D1A7E230268DBFB9002A9591 /* Build configuration list for PBXNativeTarget "Landmarks" */ = {
			isa = XCConfigurationList;
			buildConfigurations = (
				D1A7E231268DBFB9002A9591 /* Debug */,
				D1A7E232268DBFB9002A9591 /* Release */,
			);
			defaultConfigurationIsVisible = 0;
			defaultConfigurationName = Release;
		};
/* End XCConfigurationList section */
	};
	rootObject = D1A7E219268DBFB6002A9591 /* Project object */;
}
